// !$*UTF8*$!
{
	archiveVersion = 1;
	classes = {
	};
	objectVersion = 50;
	objects = {

/* Begin PBXBuildFile section */
		1F96E1C22FD5FF3F00F97BDE /* AppDelegate.swift in Sources */ = {isa = PBXBuildFile; fileRef = 1F96E1C12FD5FF3F00F97BDE /* AppDelegate.swift */; };
		1F96E1C42FD5FF3F00F97BDE /* SceneDelegate.swift in Sources */ = {isa = PBXBuildFile; fileRef = 1F96E1C32FD5FF3F00F97BDE /* SceneDelegate.swift */; };
		1F96E1C62FD5FF3F00F97BDE /* ViewController.swift in Sources */ = {isa = PBXBuildFile; fileRef = 1F96E1C52FD5FF3F00F97BDE /* ViewController.swift */; };
		1F96E1C92FD5FF3F00F97BDE /* Main.storyboard in Resources */ = {isa = PBXBuildFile; fileRef = 1F96E1C72FD5FF3F00F97BDE /* Main.storyboard */; };
		1F96E1CB2FD5FF4000F97BDE /* Assets.xcassets in Resources */ = {isa = PBXBuildFile; fileRef = 1F96E1CA2FD5FF4000F97BDE /* Assets.xcassets */; };
		1F96E1CE2FD5FF4000F97BDE /* LaunchScreen.storyboard in Resources */ = {isa = PBXBuildFile; fileRef = 1F96E1CC2FD5FF4000F97BDE /* LaunchScreen.storyboard */; };
/* End PBXBuildFile section */

/* Begin PBXFileReference section */
		1F96E1BE2FD5FF3F00F97BDE /* Speakup.app */ = {isa = PBXFileReference; explicitFileType = wrapper.application; includeInIndex = 0; path = Speakup.app; sourceTree = BUILT_PRODUCTS_DIR; };
		1F96E1C12FD5FF3F00F97BDE /* AppDelegate.swift */ = {isa = PBXFileReference; lastKnownFileType = sourcecode.swift; path = AppDelegate.swift; sourceTree = "<group>"; };
		1F96E1C32FD5FF3F00F97BDE /* SceneDelegate.swift */ = {isa = PBXFileReference; lastKnownFileType = sourcecode.swift; path = SceneDelegate.swift; sourceTree = "<group>"; };
		1F96E1C52FD5FF3F00F97BDE /* ViewController.swift */ = {isa = PBXFileReference; lastKnownFileType = sourcecode.swift; path = ViewController.swift; sourceTree = "<group>"; };
		1F96E1C82FD5FF3F00F97BDE /* Base */ = {isa = PBXFileReference; lastKnownFileType = file.storyboard; name = Base; path = Base.lproj/Main.storyboard; sourceTree = "<group>"; };
		1F96E1CA2FD5FF4000F97BDE /* Assets.xcassets */ = {isa = PBXFileReference; lastKnownFileType = folder.assetcatalog; path = Assets.xcassets; sourceTree = "<group>"; };
		1F96E1CD2FD5FF4000F97BDE /* Base */ = {isa = PBXFileReference; lastKnownFileType = file.storyboard; name = Base; path = Base.lproj/LaunchScreen.storyboard; sourceTree = "<group>"; };
		1F96E1CF2FD5FF4000F97BDE /* Info.plist */ = {isa = PBXFileReference; lastKnownFileType = text.plist.xml; path = Info.plist; sourceTree = "<group>"; };
/* End PBXFileReference section */

/* Begin PBXFrameworksBuildPhase section */
		1F96E1BB2FD5FF3F00F97BDE /* Frameworks */ = {
			isa = PBXFrameworksBuildPhase;
			buildActionMask = 2147483647;
			files = (
			);
			runOnlyForDeploymentPostprocessing = 0;
		};
/* End PBXFrameworksBuildPhase section */

/* Begin PBXGroup section */
		1F96E1B52FD5FF3F00F97BDE = {
			isa = PBXGroup;
			children = (
				1F96E1C02FD5FF3F00F97BDE /* Speakup */,
				1F96E1BF2FD5FF3F00F97BDE /* Products */,
			);
			sourceTree = "<group>";
		};
		1F96E1BF2FD5FF3F00F97BDE /* Products */ = {
			isa = PBXGroup;
			children = (
				1F96E1BE2FD5FF3F00F97BDE /* Speakup.app */,
			);
			name = Products;
			sourceTree = "<group>";
		};
		1F96E1C02FD5FF3F00F97BDE /* Speakup */ = {
			isa = PBXGroup;
			children = (
				1F96E1C12FD5FF3F00F97BDE /* AppDelegate.swift */,
				1F96E1C32FD5FF3F00F97BDE /* SceneDelegate.swift */,
				1F96E1C52FD5FF3F00F97BDE /* ViewController.swift */,
				1F96E1C72FD5FF3F00F97BDE /* Main.storyboard */,
				1F96E1CA2FD5FF4000F97BDE /* Assets.xcassets */,
				1F96E1CC2FD5FF4000F97BDE /* LaunchScreen.storyboard */,
				1F96E1CF2FD5FF4000F97BDE /* Info.plist */,
			);
			path = Speakup;
			sourceTree = "<group>";
		};
/* End PBXGroup section */

/* Begin PBXNativeTarget section */
		1F96E1BD2FD5FF3F00F97BDE /* Speakup */ = {
			isa = PBXNativeTarget;
			buildConfigurationList = 1F96E1D22FD5FF4000F97BDE /* Build configuration list for PBXNativeTarget "Speakup" */;
			buildPhases = (
				1F96E1BA2FD5FF3F00F97BDE /* Sources */,
				1F96E1BB2FD5FF3F00F97BDE /* Frameworks */,
				1F96E1BC2FD5FF3F00F97BDE /* Resources */,
			);
			buildRules = (
			);
			dependencies = (
			);
			name = Speakup;
			productName = Speakup;
			productReference = 1F96E1BE2FD5FF3F00F97BDE /* Speakup.app */;
			productType = "com.apple.product-type.application";
		};
/* End PBXNativeTarget section */

/* Begin PBXProject section */
		1F96E1B62FD5FF3F00F97BDE /* Project object */ = {
			isa = PBXProject;
			attributes = {
				LastSwiftUpdateCheck = 1250;
				LastUpgradeCheck = 1250;
				TargetAttributes = {
					1F96E1BD2FD5FF3F00F97BDE = {
						CreatedOnToolsVersion = 12.5;
					};
				};
			};
			buildConfigurationList = 1F96E1B92FD5FF3F00F97BDE /* Build configuration list for PBXProject "Speakup" */;
			compatibilityVersion = "Xcode 9.3";
			developmentRegion = en;
			hasScannedForEncodings = 0;
			knownRegions = (
				en,
				Base,
			);
			mainGroup = 1F96E1B52FD5FF3F00F97BDE;
			productRefGroup = 1F96E1BF2FD5FF3F00F97BDE /* Products */;
			projectDirPath = "";
			projectRoot = "";
			targets = (
				1F96E1BD2FD5FF3F00F97BDE /* Speakup */,
			);
		};
/* End PBXProject section */

/* Begin PBXResourcesBuildPhase section */
		1F96E1BC2FD5FF3F00F97BDE /* Resources */ = {
			isa = PBXResourcesBuildPhase;
			buildActionMask = 2147483647;
			files = (
				1F96E1CE2FD5FF4000F97BDE /* LaunchScreen.storyboard in Resources */,
				1F96E1CB2FD5FF4000F97BDE /* Assets.xcassets in Resources */,
				1F96E1C92FD5FF3F00F97BDE /* Main.storyboard in Resources */,
			);
			runOnlyForDeploymentPostprocessing = 0;
		};
/* End PBXResourcesBuildPhase section */

/* Begin PBXSourcesBuildPhase section */
		1F96E1BA2FD5FF3F00F97BDE /* Sources */ = {
			isa = PBXSourcesBuildPhase;
			buildActionMask = 2147483647;
			files = (
				1F96E1C62FD5FF3F00F97BDE /* ViewController.swift in Sources */,
				1F96E1C22FD5FF3F00F97BDE /* AppDelegate.swift in Sources */,
				1F96E1C42FD5FF3F00F97BDE /* SceneDelegate.swift in Sources */,
			);
			runOnlyForDeploymentPostprocessing = 0;
		};
/* End PBXSourcesBuildPhase section */

/* Begin PBXVariantGroup section */
		1F96E1C72FD5FF3F00F97BDE /* Main.storyboard */ = {
			isa = PBXVariantGroup;
			children = (
				1F96E1C82FD5FF3F00F97BDE /* Base */,
			);
			name = Main.storyboard;
			sourceTree = "<group>";
		};
		1F96E1CC2FD5FF4000F97BDE /* LaunchScreen.storyboard */ = {
			isa = PBXVariantGroup;
			children = (
				1F96E1CD2FD5FF4000F97BDE /* Base */,
			);
			name = LaunchScreen.storyboard;
			sourceTree = "<group>";
		};
/* End PBXVariantGroup section */

/* Begin XCBuildConfiguration section */
		1F96E1D02FD5FF4000F97BDE /* Debug */ = {
			isa = XCBuildConfiguration;
			buildSettings = {
				ALWAYS_SEARCH_USER_PATHS = NO;
				CLANG_ANALYZER_NONNULL = YES;
				CLANG_ANALYZER_NUMBER_OBJECT_CONVERSION = YES_AGGRESSIVE;
				CLANG_CXX_LANGUAGE_STANDARD = "gnu++14";
				CLANG_CXX_LIBRARY = "libc++";
				CLANG_ENABLE_MODULES = YES;
				CLANG_ENABLE_OBJC_ARC = YES;
				CLANG_ENABLE_OBJC_WEAK = YES;
				CLANG_WARN_BLOCK_CAPTURE_AUTORELEASING = YES;
				CLANG_WARN_BOOL_CONVERSION = YES;
				CLANG_WARN_COMMA = YES;
				CLANG_WARN_CONSTANT_CONVERSION = YES;
				CLANG_WARN_DEPRECATED_OBJC_IMPLEMENTATIONS = YES;
				CLANG_WARN_DIRECT_OBJC_ISA_USAGE = YES_ERROR;
				CLANG_WARN_DOCUMENTATION_COMMENTS = YES;
				CLANG_WARN_EMPTY_BODY = YES;
				CLANG_WARN_ENUM_CONVERSION = YES;
				CLANG_WARN_INFINITE_RECURSION = YES;
				CLANG_WARN_INT_CONVERSION = YES;
				CLANG_WARN_NON_LITERAL_NULL_CONVERSION = YES;
				CLANG_WARN_OBJC_IMPLICIT_RETAIN_SELF = YES;
				CLANG_WARN_OBJC_LITERAL_CONVERSION = YES;
				CLANG_WARN_OBJC_ROOT_CLASS = YES_ERROR;
				CLANG_WARN_QUOTED_INCLUDE_IN_FRAMEWORK_HEADER = YES;
				CLANG_WARN_RANGE_LOOP_ANALYSIS = YES;
				CLANG_WARN_STRICT_PROTOTYPES = YES;
				CLANG_WARN_SUSPICIOUS_MOVE = YES;
				CLANG_WARN_UNGUARDED_AVAILABILITY = YES_AGGRESSIVE;
				CLANG_WARN_UNREACHABLE_CODE = YES;
				CLANG_WARN__DUPLICATE_METHOD_MATCH = YES;
				COPY_PHASE_STRIP = NO;
				DEBUG_INFORMATION_FORMAT = dwarf;
				ENABLE_STRICT_OBJC_MSGSEND = YES;
				ENABLE_TESTABILITY = YES;
				GCC_C_LANGUAGE_STANDARD = gnu11;
				GCC_DYNAMIC_NO_PIC = NO;
				GCC_NO_COMMON_BLOCKS = YES;
				GCC_OPTIMIZATION_LEVEL = 0;
				GCC_PREPROCESSOR_DEFINITIONS = (
					"DEBUG=1",
					"$(inherited)",
				);
				GCC_WARN_64_TO_32_BIT_CONVERSION = YES;
				GCC_WARN_ABOUT_RETURN_TYPE = YES_ERROR;
				GCC_WARN_UNDECLARED_SELECTOR = YES;
				GCC_WARN_UNINITIALIZED_AUTOS = YES_AGGRESSIVE;
				GCC_WARN_UNUSED_FUNCTION = YES;
				GCC_WARN_UNUSED_VARIABLE = YES;
				IPHONEOS_DEPLOYMENT_TARGET = 14.5;
				MTL_ENABLE_DEBUG_INFO = INCLUDE_SOURCE;
				MTL_FAST_MATH = YES;
				ONLY_ACTIVE_ARCH = YES;
				SDKROOT = iphoneos;
				SWIFT_ACTIVE_COMPILATION_CONDITIONS = DEBUG;
				SWIFT_OPTIMIZATION_LEVEL = "-Onone";
			};
			name = Debug;
		};
		1F96E1D12FD5FF4000F97BDE /* Release */ = {
			isa = XCBuildConfiguration;
			buildSettings = {
				ALWAYS_SEARCH_USER_PATHS = NO;
				CLANG_ANALYZER_NONNULL = YES;
				CLANG_ANALYZER_NUMBER_OBJECT_CONVERSION = YES_AGGRESSIVE;
				CLANG_CXX_LANGUAGE_STANDARD = "gnu++14";
				CLANG_CXX_LIBRARY = "libc++";
				CLANG_ENABLE_MODULES = YES;
				CLANG_ENABLE_OBJC_ARC = YES;
				CLANG_ENABLE_OBJC_WEAK = YES;
				CLANG_WARN_BLOCK_CAPTURE_AUTORELEASING = YES;
				CLANG_WARN_BOOL_CONVERSION = YES;
				CLANG_WARN_COMMA = YES;
				CLANG_WARN_CONSTANT_CONVERSION = YES;
				CLANG_WARN_DEPRECATED_OBJC_IMPLEMENTATIONS = YES;
				CLANG_WARN_DIRECT_OBJC_ISA_USAGE = YES_ERROR;
				CLANG_WARN_DOCUMENTATION_COMMENTS = YES;
				CLANG_WARN_EMPTY_BODY = YES;
				CLANG_WARN_ENUM_CONVERSION = YES;
				CLANG_WARN_INFINITE_RECURSION = YES;
				CLANG_WARN_INT_CONVERSION = YES;
				CLANG_WARN_NON_LITERAL_NULL_CONVERSION = YES;
				CLANG_WARN_OBJC_IMPLICIT_RETAIN_SELF = YES;
				CLANG_WARN_OBJC_LITERAL_CONVERSION = YES;
				CLANG_WARN_OBJC_ROOT_CLASS = YES_ERROR;
				CLANG_WARN_QUOTED_INCLUDE_IN_FRAMEWORK_HEADER = YES;
				CLANG_WARN_RANGE_LOOP_ANALYSIS = YES;
				CLANG_WARN_STRICT_PROTOTYPES = YES;
				CLANG_WARN_SUSPICIOUS_MOVE = YES;
				CLANG_WARN_UNGUARDED_AVAILABILITY = YES_AGGRESSIVE;
				CLANG_WARN_UNREACHABLE_CODE = YES;
				CLANG_WARN__DUPLICATE_METHOD_MATCH = YES;
				COPY_PHASE_STRIP = NO;
				DEBUG_INFORMATION_FORMAT = "dwarf-with-dsym";
				ENABLE_NS_ASSERTIONS = NO;
				ENABLE_STRICT_OBJC_MSGSEND = YES;
				GCC_C_LANGUAGE_STANDARD = gnu11;
				GCC_NO_COMMON_BLOCKS = YES;
				GCC_WARN_64_TO_32_BIT_CONVERSION = YES;
				GCC_WARN_ABOUT_RETURN_TYPE = YES_ERROR;
				GCC_WARN_UNDECLARED_SELECTOR = YES;
				GCC_WARN_UNINITIALIZED_AUTOS = YES_AGGRESSIVE;
				GCC_WARN_UNUSED_FUNCTION = YES;
				GCC_WARN_UNUSED_VARIABLE = YES;
				IPHONEOS_DEPLOYMENT_TARGET = 14.5;
				MTL_ENABLE_DEBUG_INFO = NO;
				MTL_FAST_MATH = YES;
				SDKROOT = iphoneos;
				SWIFT_COMPILATION_MODE = wholemodule;
				SWIFT_OPTIMIZATION_LEVEL = "-O";
				VALIDATE_PRODUCT = YES;
			};
			name = Release;
		};
		1F96E1D32FD5FF4000F97BDE /* Debug */ = {
			isa = XCBuildConfiguration;
			buildSettings = {
				ASSETCATALOG_COMPILER_APPICON_NAME = AppIcon;
				ASSETCATALOG_COMPILER_GLOBAL_ACCENT_COLOR_NAME = AccentColor;
				CODE_SIGN_STYLE = Automatic;
				INFOPLIST_FILE = Speakup/Info.plist;
				LD_RUNPATH_SEARCH_PATHS = (
					"$(inherited)",
					"@executable_path/Frameworks",
				);
				PRODUCT_BUNDLE_IDENTIFIER = kjhan.hansung.ac.kr.Speakup;
				PRODUCT_NAME = "$(TARGET_NAME)";
				SWIFT_VERSION = 5.0;
				TARGETED_DEVICE_FAMILY = "1,2";
			};
			name = Debug;
		};
		1F96E1D42FD5FF4000F97BDE /* Release */ = {
			isa = XCBuildConfiguration;
			buildSettings = {
				ASSETCATALOG_COMPILER_APPICON_NAME = AppIcon;
				ASSETCATALOG_COMPILER_GLOBAL_ACCENT_COLOR_NAME = AccentColor;
				CODE_SIGN_STYLE = Automatic;
				INFOPLIST_FILE = Speakup/Info.plist;
				LD_RUNPATH_SEARCH_PATHS = (
					"$(inherited)",
					"@executable_path/Frameworks",
				);
				PRODUCT_BUNDLE_IDENTIFIER = kjhan.hansung.ac.kr.Speakup;
				PRODUCT_NAME = "$(TARGET_NAME)";
				SWIFT_VERSION = 5.0;
				TARGETED_DEVICE_FAMILY = "1,2";
			};
			name = Release;
		};
/* End XCBuildConfiguration section */

/* Begin XCConfigurationList section */
		1F96E1B92FD5FF3F00F97BDE /* Build configuration list for PBXProject "Speakup" */ = {
			isa = XCConfigurationList;
			buildConfigurations = (
				1F96E1D02FD5FF4000F97BDE /* Debug */,
				1F96E1D12FD5FF4000F97BDE /* Release */,
			);
			defaultConfigurationIsVisible = 0;
			defaultConfigurationName = Release;
		};
		1F96E1D22FD5FF4000F97BDE /* Build configuration list for PBXNativeTarget "Speakup" */ = {
			isa = XCConfigurationList;
			buildConfigurations = (
				1F96E1D32FD5FF4000F97BDE /* Debug */,
				1F96E1D42FD5FF4000F97BDE /* Release */,
			);
			defaultConfigurationIsVisible = 0;
			defaultConfigurationName = Release;
		};
/* End XCConfigurationList section */
	};
	rootObject = 1F96E1B62FD5FF3F00F97BDE /* Project object */;
}
